
Microsoft Visual Studio Solution File, Format Version 12.00
# Visual Studio Version 16
VisualStudioVersion = 16.0.31624.102
MinimumVisualStudioVersion = 10.0.40219.1
Project("{FAE04EC0-301F-11D3-BF4B-00C04F79EFBC}") = "Portfolio", "Portfolio\Portfolio.csproj", "{73CE443D-22CF-429C-A159-349958969C09}"
EndProject
Global
	GlobalSection(SolutionConfigurationPlatforms) = preSolution
		Debug|Any CPU = Debug|Any CPU
		Release|Any CPU = Release|Any CPU
	EndGlobalSection
	GlobalSection(ProjectConfigurationPlatforms) = postSolution
		{73CE443D-22CF-429C-A159-349958969C09}.Debug|Any CPU.ActiveCfg = Debug|Any CPU
		{73CE443D-22CF-429C-A159-349958969C09}.Debug|Any CPU.Build.0 = Debug|Any CPU
		{73CE443D-22CF-429C-A159-349958969C09}.Release|Any CPU.ActiveCfg = Release|Any CPU
		{73CE443D-22CF-429C-A159-349958969C09}.Release|Any CPU.Build.0 = Release|Any CPU
	EndGlobalSection
	GlobalSection(SolutionProperties) = preSolution
		HideSolutionNode = FALSE
	EndGlobalSection
	GlobalSection(ExtensibilityGlobals) = postSolution
		SolutionGuid = {1F55CD2B-7112-42A2-9AF9-C807FDA5B78E}
	EndGlobalSection
EndGlobal
